
Microsoft Visual Studio Solution File, Format Version 10.00
# Visual Studio 2008
Project("{D183A3D8-5FD8-494B-B014-37F57B35E655}") = "BulkInsert-SSIS", "BulkInsert-SSIS\BulkInsert-SSIS.dtproj", "{B3F992F6-01FE-4ECB-97DB-11A82919C98D}"
EndProject
Global
	GlobalSection(SolutionConfigurationPlatforms) = preSolution
		Development|Default = Development|Default
	EndGlobalSection
	GlobalSection(ProjectConfigurationPlatforms) = postSolution
		{B3F992F6-01FE-4ECB-97DB-11A82919C98D}.Development|Default.ActiveCfg = Development
		{B3F992F6-01FE-4ECB-97DB-11A82919C98D}.Development|Default.Build.0 = Development
	EndGlobalSection
	GlobalSection(SolutionProperties) = preSolution
		HideSolutionNode = FALSE
	EndGlobalSection
EndGlobal
